// !$*UTF8*$!
{
	archiveVersion = 1;
	classes = {
	};
	objectVersion = 56;
	objects = {

/* Begin PBXBuildFile section */
		79463E812A3A419B00BAE3A3 /* RecentSearch.xcdatamodeld in Sources */ = {isa = PBXBuildFile; fileRef = 79463E7F2A3A419B00BAE3A3 /* RecentSearch.xcdatamodeld */; };
		79463E862A3A41FE00BAE3A3 /* RecentSearch+CoreDataClass.swift in Sources */ = {isa = PBXBuildFile; fileRef = 79463E842A3A41FE00BAE3A3 /* RecentSearch+CoreDataClass.swift */; };
		79463E872A3A41FE00BAE3A3 /* RecentSearch+CoreDataProperties.swift in Sources */ = {isa = PBXBuildFile; fileRef = 79463E852A3A41FE00BAE3A3 /* RecentSearch+CoreDataProperties.swift */; };
		79463E8A2A3A437700BAE3A3 /* RecentSearchService.swift in Sources */ = {isa = PBXBuildFile; fileRef = 79463E892A3A437700BAE3A3 /* RecentSearchService.swift */; };
		79463E8C2A3A4F5F00BAE3A3 /* RecentSearchesViewController.swift in Sources */ = {isa = PBXBuildFile; fileRef = 79463E8B2A3A4F5F00BAE3A3 /* RecentSearchesViewController.swift */; };
		79F2DB182A30A093004B5FBC /* AppDelegate.swift in Sources */ = {isa = PBXBuildFile; fileRef = 79F2DB172A30A093004B5FBC /* AppDelegate.swift */; };
		79F2DB1A2A30A093004B5FBC /* SceneDelegate.swift in Sources */ = {isa = PBXBuildFile; fileRef = 79F2DB192A30A093004B5FBC /* SceneDelegate.swift */; };
		79F2DB1C2A30A093004B5FBC /* WeatherViewController.swift in Sources */ = {isa = PBXBuildFile; fileRef = 79F2DB1B2A30A093004B5FBC /* WeatherViewController.swift */; };
		79F2DB212A30A097004B5FBC /* Assets.xcassets in Resources */ = {isa = PBXBuildFile; fileRef = 79F2DB202A30A097004B5FBC /* Assets.xcassets */; };
		79F2DB242A30A097004B5FBC /* LaunchScreen.storyboard in Resources */ = {isa = PBXBuildFile; fileRef = 79F2DB222A30A097004B5FBC /* LaunchScreen.storyboard */; };
		79F2DB2C2A30A0B4004B5FBC /* WeatherModel.swift in Sources */ = {isa = PBXBuildFile; fileRef = 79F2DB2B2A30A0B4004B5FBC /* WeatherModel.swift */; };
		79F2DB2E2A30A150004B5FBC /* WeatherService.swift in Sources */ = {isa = PBXBuildFile; fileRef = 79F2DB2D2A30A150004B5FBC /* WeatherService.swift */; };
		BB04A78E06431F7C1D145C06 /* libPods-Weather app.a in Frameworks */ = {isa = PBXBuildFile; fileRef = 1DEAF3E5170777933CA422FF /* libPods-Weather app.a */; };
/* End PBXBuildFile section */

/* Begin PBXFileReference section */
		0BA795E4A17037FA3DF616B2 /* Pods-Weather app.release.xcconfig */ = {isa = PBXFileReference; includeInIndex = 1; lastKnownFileType = text.xcconfig; name = "Pods-Weather app.release.xcconfig"; path = "Target Support Files/Pods-Weather app/Pods-Weather app.release.xcconfig"; sourceTree = "<group>"; };
		1DEAF3E5170777933CA422FF /* libPods-Weather app.a */ = {isa = PBXFileReference; explicitFileType = archive.ar; includeInIndex = 0; path = "libPods-Weather app.a"; sourceTree = BUILT_PRODUCTS_DIR; };
		79463E802A3A419B00BAE3A3 /* RecentSearch.xcdatamodel */ = {isa = PBXFileReference; lastKnownFileType = wrapper.xcdatamodel; path = RecentSearch.xcdatamodel; sourceTree = "<group>"; };
		79463E842A3A41FE00BAE3A3 /* RecentSearch+CoreDataClass.swift */ = {isa = PBXFileReference; lastKnownFileType = sourcecode.swift; path = "RecentSearch+CoreDataClass.swift"; sourceTree = "<group>"; };
		79463E852A3A41FE00BAE3A3 /* RecentSearch+CoreDataProperties.swift */ = {isa = PBXFileReference; lastKnownFileType = sourcecode.swift; path = "RecentSearch+CoreDataProperties.swift"; sourceTree = "<group>"; };
		79463E892A3A437700BAE3A3 /* RecentSearchService.swift */ = {isa = PBXFileReference; lastKnownFileType = sourcecode.swift; path = RecentSearchService.swift; sourceTree = "<group>"; };
		79463E8B2A3A4F5F00BAE3A3 /* RecentSearchesViewController.swift */ = {isa = PBXFileReference; lastKnownFileType = sourcecode.swift; path = RecentSearchesViewController.swift; sourceTree = "<group>"; };
		79F2DB142A30A093004B5FBC /* Weather app.app */ = {isa = PBXFileReference; explicitFileType = wrapper.application; includeInIndex = 0; path = "Weather app.app"; sourceTree = BUILT_PRODUCTS_DIR; };
		79F2DB172A30A093004B5FBC /* AppDelegate.swift */ = {isa = PBXFileReference; lastKnownFileType = sourcecode.swift; path = AppDelegate.swift; sourceTree = "<group>"; };
		79F2DB192A30A093004B5FBC /* SceneDelegate.swift */ = {isa = PBXFileReference; lastKnownFileType = sourcecode.swift; path = SceneDelegate.swift; sourceTree = "<group>"; };
		79F2DB1B2A30A093004B5FBC /* WeatherViewController.swift */ = {isa = PBXFileReference; lastKnownFileType = sourcecode.swift; path = WeatherViewController.swift; sourceTree = "<group>"; };
		79F2DB202A30A097004B5FBC /* Assets.xcassets */ = {isa = PBXFileReference; lastKnownFileType = folder.assetcatalog; path = Assets.xcassets; sourceTree = "<group>"; };
		79F2DB232A30A097004B5FBC /* Base */ = {isa = PBXFileReference; lastKnownFileType = file.storyboard; name = Base; path = Base.lproj/LaunchScreen.storyboard; sourceTree = "<group>"; };
		79F2DB252A30A097004B5FBC /* Info.plist */ = {isa = PBXFileReference; lastKnownFileType = text.plist.xml; path = Info.plist; sourceTree = "<group>"; };
		79F2DB2B2A30A0B4004B5FBC /* WeatherModel.swift */ = {isa = PBXFileReference; lastKnownFileType = sourcecode.swift; path = WeatherModel.swift; sourceTree = "<group>"; };
		79F2DB2D2A30A150004B5FBC /* WeatherService.swift */ = {isa = PBXFileReference; lastKnownFileType = sourcecode.swift; path = WeatherService.swift; sourceTree = "<group>"; };
		D684068333DEE8AD7CE023E7 /* Pods-Weather app.debug.xcconfig */ = {isa = PBXFileReference; includeInIndex = 1; lastKnownFileType = text.xcconfig; name = "Pods-Weather app.debug.xcconfig"; path = "Target Support Files/Pods-Weather app/Pods-Weather app.debug.xcconfig"; sourceTree = "<group>"; };
/* End PBXFileReference section */

/* Begin PBXFrameworksBuildPhase section */
		79F2DB112A30A093004B5FBC /* Frameworks */ = {
			isa = PBXFrameworksBuildPhase;
			buildActionMask = 2147483647;
			files = (
				BB04A78E06431F7C1D145C06 /* libPods-Weather app.a in Frameworks */,
			);
			runOnlyForDeploymentPostprocessing = 0;
		};
/* End PBXFrameworksBuildPhase section */

/* Begin PBXGroup section */
		048831BBD4E79B805207BF61 /* Pods */ = {
			isa = PBXGroup;
			children = (
				D684068333DEE8AD7CE023E7 /* Pods-Weather app.debug.xcconfig */,
				0BA795E4A17037FA3DF616B2 /* Pods-Weather app.release.xcconfig */,
			);
			path = Pods;
			sourceTree = "<group>";
		};
		79463E882A3A42F900BAE3A3 /* RecentSearch */ = {
			isa = PBXGroup;
			children = (
				79463E842A3A41FE00BAE3A3 /* RecentSearch+CoreDataClass.swift */,
				79463E852A3A41FE00BAE3A3 /* RecentSearch+CoreDataProperties.swift */,
				79463E7F2A3A419B00BAE3A3 /* RecentSearch.xcdatamodeld */,
			);
			path = RecentSearch;
			sourceTree = "<group>";
		};
		79463E8D2A3A61BF00BAE3A3 /* ViewControllers */ = {
			isa = PBXGroup;
			children = (
				79F2DB1B2A30A093004B5FBC /* WeatherViewController.swift */,
				79463E8B2A3A4F5F00BAE3A3 /* RecentSearchesViewController.swift */,
			);
			path = ViewControllers;
			sourceTree = "<group>";
		};
		79463E8E2A3A61ED00BAE3A3 /* Application */ = {
			isa = PBXGroup;
			children = (
				79F2DB192A30A093004B5FBC /* SceneDelegate.swift */,
				79F2DB172A30A093004B5FBC /* AppDelegate.swift */,
				79F2DB202A30A097004B5FBC /* Assets.xcassets */,
				79F2DB222A30A097004B5FBC /* LaunchScreen.storyboard */,
			);
			path = Application;
			sourceTree = "<group>";
		};
		79463E8F2A3A620E00BAE3A3 /* Services */ = {
			isa = PBXGroup;
			children = (
				79F2DB2D2A30A150004B5FBC /* WeatherService.swift */,
				79463E892A3A437700BAE3A3 /* RecentSearchService.swift */,
			);
			path = Services;
			sourceTree = "<group>";
		};
		79463E902A3A623F00BAE3A3 /* Models */ = {
			isa = PBXGroup;
			children = (
				79F2DB2B2A30A0B4004B5FBC /* WeatherModel.swift */,
				79463E882A3A42F900BAE3A3 /* RecentSearch */,
			);
			path = Models;
			sourceTree = "<group>";
		};
		79F2DB0B2A30A093004B5FBC = {
			isa = PBXGroup;
			children = (
				79F2DB162A30A093004B5FBC /* Weather app */,
				79F2DB152A30A093004B5FBC /* Products */,
				048831BBD4E79B805207BF61 /* Pods */,
				B74C424C48CF925B5D74065E /* Frameworks */,
			);
			sourceTree = "<group>";
		};
		79F2DB152A30A093004B5FBC /* Products */ = {
			isa = PBXGroup;
			children = (
				79F2DB142A30A093004B5FBC /* Weather app.app */,
			);
			name = Products;
			sourceTree = "<group>";
		};
		79F2DB162A30A093004B5FBC /* Weather app */ = {
			isa = PBXGroup;
			children = (
				79463E8E2A3A61ED00BAE3A3 /* Application */,
				79463E902A3A623F00BAE3A3 /* Models */,
				79463E8D2A3A61BF00BAE3A3 /* ViewControllers */,
				79463E8F2A3A620E00BAE3A3 /* Services */,
				79F2DB252A30A097004B5FBC /* Info.plist */,
			);
			path = "Weather app";
			sourceTree = "<group>";
		};
		B74C424C48CF925B5D74065E /* Frameworks */ = {
			isa = PBXGroup;
			children = (
				1DEAF3E5170777933CA422FF /* libPods-Weather app.a */,
			);
			name = Frameworks;
			sourceTree = "<group>";
		};
/* End PBXGroup section */

/* Begin PBXNativeTarget section */
		79F2DB132A30A093004B5FBC /* Weather app */ = {
			isa = PBXNativeTarget;
			buildConfigurationList = 79F2DB282A30A097004B5FBC /* Build configuration list for PBXNativeTarget "Weather app" */;
			buildPhases = (
				99641DA24D51FCC2D3F71C2D /* [CP] Check Pods Manifest.lock */,
				79F2DB102A30A093004B5FBC /* Sources */,
				79F2DB112A30A093004B5FBC /* Frameworks */,
				79F2DB122A30A093004B5FBC /* Resources */,
				79E786CE2A4F73520085D8C7 /* ShellScript */,
			);
			buildRules = (
			);
			dependencies = (
			);
			name = "Weather app";
			productName = "Weather app";
			productReference = 79F2DB142A30A093004B5FBC /* Weather app.app */;
			productType = "com.apple.product-type.application";
		};
/* End PBXNativeTarget section */

/* Begin PBXProject section */
		79F2DB0C2A30A093004B5FBC /* Project object */ = {
			isa = PBXProject;
			attributes = {
				BuildIndependentTargetsInParallel = 1;
				LastSwiftUpdateCheck = 1420;
				LastUpgradeCheck = 1420;
				TargetAttributes = {
					79F2DB132A30A093004B5FBC = {
						CreatedOnToolsVersion = 14.2;
					};
				};
			};
			buildConfigurationList = 79F2DB0F2A30A093004B5FBC /* Build configuration list for PBXProject "Weather app" */;
			compatibilityVersion = "Xcode 14.0";
			developmentRegion = en;
			hasScannedForEncodings = 0;
			knownRegions = (
				en,
				Base,
			);
			mainGroup = 79F2DB0B2A30A093004B5FBC;
			productRefGroup = 79F2DB152A30A093004B5FBC /* Products */;
			projectDirPath = "";
			projectRoot = "";
			targets = (
				79F2DB132A30A093004B5FBC /* Weather app */,
			);
		};
/* End PBXProject section */

/* Begin PBXResourcesBuildPhase section */
		79F2DB122A30A093004B5FBC /* Resources */ = {
			isa = PBXResourcesBuildPhase;
			buildActionMask = 2147483647;
			files = (
				79F2DB242A30A097004B5FBC /* LaunchScreen.storyboard in Resources */,
				79F2DB212A30A097004B5FBC /* Assets.xcassets in Resources */,
			);
			runOnlyForDeploymentPostprocessing = 0;
		};
/* End PBXResourcesBuildPhase section */

/* Begin PBXShellScriptBuildPhase section */
		79E786CE2A4F73520085D8C7 /* ShellScript */ = {
			isa = PBXShellScriptBuildPhase;
			alwaysOutOfDate = 1;
			buildActionMask = 2147483647;
			files = (
			);
			inputFileListPaths = (
			);
			inputPaths = (
			);
			outputFileListPaths = (
			);
			outputPaths = (
			);
			runOnlyForDeploymentPostprocessing = 0;
			shellPath = /bin/sh;
			shellScript = "\"${PODS_ROOT}/SwiftLint/swiftlint\"\n";
		};
		99641DA24D51FCC2D3F71C2D /* [CP] Check Pods Manifest.lock */ = {
			isa = PBXShellScriptBuildPhase;
			buildActionMask = 2147483647;
			files = (
			);
			inputFileListPaths = (
			);
			inputPaths = (
				"${PODS_PODFILE_DIR_PATH}/Podfile.lock",
				"${PODS_ROOT}/Manifest.lock",
			);
			name = "[CP] Check Pods Manifest.lock";
			outputFileListPaths = (
			);
			outputPaths = (
				"$(DERIVED_FILE_DIR)/Pods-Weather app-checkManifestLockResult.txt",
			);
			runOnlyForDeploymentPostprocessing = 0;
			shellPath = /bin/sh;
			shellScript = "diff \"${PODS_PODFILE_DIR_PATH}/Podfile.lock\" \"${PODS_ROOT}/Manifest.lock\" > /dev/null\nif [ $? != 0 ] ; then\n    # print error to STDERR\n    echo \"error: The sandbox is not in sync with the Podfile.lock. Run 'pod install' or update your CocoaPods installation.\" >&2\n    exit 1\nfi\n# This output is used by Xcode 'outputs' to avoid re-running this script phase.\necho \"SUCCESS\" > \"${SCRIPT_OUTPUT_FILE_0}\"\n";
			showEnvVarsInLog = 0;
		};
/* End PBXShellScriptBuildPhase section */

/* Begin PBXSourcesBuildPhase section */
		79F2DB102A30A093004B5FBC /* Sources */ = {
			isa = PBXSourcesBuildPhase;
			buildActionMask = 2147483647;
			files = (
				79F2DB2E2A30A150004B5FBC /* WeatherService.swift in Sources */,
				79F2DB1C2A30A093004B5FBC /* WeatherViewController.swift in Sources */,
				79F2DB182A30A093004B5FBC /* AppDelegate.swift in Sources */,
				79463E862A3A41FE00BAE3A3 /* RecentSearch+CoreDataClass.swift in Sources */,
				79F2DB2C2A30A0B4004B5FBC /* WeatherModel.swift in Sources */,
				79463E8C2A3A4F5F00BAE3A3 /* RecentSearchesViewController.swift in Sources */,
				79463E812A3A419B00BAE3A3 /* RecentSearch.xcdatamodeld in Sources */,
				79463E8A2A3A437700BAE3A3 /* RecentSearchService.swift in Sources */,
				79463E872A3A41FE00BAE3A3 /* RecentSearch+CoreDataProperties.swift in Sources */,
				79F2DB1A2A30A093004B5FBC /* SceneDelegate.swift in Sources */,
			);
			runOnlyForDeploymentPostprocessing = 0;
		};
/* End PBXSourcesBuildPhase section */

/* Begin PBXVariantGroup section */
		79F2DB222A30A097004B5FBC /* LaunchScreen.storyboard */ = {
			isa = PBXVariantGroup;
			children = (
				79F2DB232A30A097004B5FBC /* Base */,
			);
			name = LaunchScreen.storyboard;
			sourceTree = "<group>";
		};
/* End PBXVariantGroup section */

/* Begin XCBuildConfiguration section */
		79F2DB262A30A097004B5FBC /* Debug */ = {
			isa = XCBuildConfiguration;
			buildSettings = {
				ALWAYS_SEARCH_USER_PATHS = NO;
				CLANG_ANALYZER_NONNULL = YES;
				CLANG_ANALYZER_NUMBER_OBJECT_CONVERSION = YES_AGGRESSIVE;
				CLANG_CXX_LANGUAGE_STANDARD = "gnu++20";
				CLANG_ENABLE_MODULES = YES;
				CLANG_ENABLE_OBJC_ARC = YES;
				CLANG_ENABLE_OBJC_WEAK = YES;
				CLANG_WARN_BLOCK_CAPTURE_AUTORELEASING = YES;
				CLANG_WARN_BOOL_CONVERSION = YES;
				CLANG_WARN_COMMA = YES;
				CLANG_WARN_CONSTANT_CONVERSION = YES;
				CLANG_WARN_DEPRECATED_OBJC_IMPLEMENTATIONS = YES;
				CLANG_WARN_DIRECT_OBJC_ISA_USAGE = YES_ERROR;
				CLANG_WARN_DOCUMENTATION_COMMENTS = YES;
				CLANG_WARN_EMPTY_BODY = YES;
				CLANG_WARN_ENUM_CONVERSION = YES;
				CLANG_WARN_INFINITE_RECURSION = YES;
				CLANG_WARN_INT_CONVERSION = YES;
				CLANG_WARN_NON_LITERAL_NULL_CONVERSION = YES;
				CLANG_WARN_OBJC_IMPLICIT_RETAIN_SELF = YES;
				CLANG_WARN_OBJC_LITERAL_CONVERSION = YES;
				CLANG_WARN_OBJC_ROOT_CLASS = YES_ERROR;
				CLANG_WARN_QUOTED_INCLUDE_IN_FRAMEWORK_HEADER = YES;
				CLANG_WARN_RANGE_LOOP_ANALYSIS = YES;
				CLANG_WARN_STRICT_PROTOTYPES = YES;
				CLANG_WARN_SUSPICIOUS_MOVE = YES;
				CLANG_WARN_UNGUARDED_AVAILABILITY = YES_AGGRESSIVE;
				CLANG_WARN_UNREACHABLE_CODE = YES;
				CLANG_WARN__DUPLICATE_METHOD_MATCH = YES;
				COPY_PHASE_STRIP = NO;
				DEBUG_INFORMATION_FORMAT = dwarf;
				ENABLE_STRICT_OBJC_MSGSEND = YES;
				ENABLE_TESTABILITY = YES;
				GCC_C_LANGUAGE_STANDARD = gnu11;
				GCC_DYNAMIC_NO_PIC = NO;
				GCC_NO_COMMON_BLOCKS = YES;
				GCC_OPTIMIZATION_LEVEL = 0;
				GCC_PREPROCESSOR_DEFINITIONS = (
					"DEBUG=1",
					"$(inherited)",
				);
				GCC_WARN_64_TO_32_BIT_CONVERSION = YES;
				GCC_WARN_ABOUT_RETURN_TYPE = YES_ERROR;
				GCC_WARN_UNDECLARED_SELECTOR = YES;
				GCC_WARN_UNINITIALIZED_AUTOS = YES_AGGRESSIVE;
				GCC_WARN_UNUSED_FUNCTION = YES;
				GCC_WARN_UNUSED_VARIABLE = YES;
				IPHONEOS_DEPLOYMENT_TARGET = 16.2;
				MTL_ENABLE_DEBUG_INFO = INCLUDE_SOURCE;
				MTL_FAST_MATH = YES;
				ONLY_ACTIVE_ARCH = YES;
				SDKROOT = iphoneos;
				SWIFT_ACTIVE_COMPILATION_CONDITIONS = DEBUG;
				SWIFT_OPTIMIZATION_LEVEL = "-Onone";
			};
			name = Debug;
		};
		79F2DB272A30A097004B5FBC /* Release */ = {
			isa = XCBuildConfiguration;
			buildSettings = {
				ALWAYS_SEARCH_USER_PATHS = NO;
				CLANG_ANALYZER_NONNULL = YES;
				CLANG_ANALYZER_NUMBER_OBJECT_CONVERSION = YES_AGGRESSIVE;
				CLANG_CXX_LANGUAGE_STANDARD = "gnu++20";
				CLANG_ENABLE_MODULES = YES;
				CLANG_ENABLE_OBJC_ARC = YES;
				CLANG_ENABLE_OBJC_WEAK = YES;
				CLANG_WARN_BLOCK_CAPTURE_AUTORELEASING = YES;
				CLANG_WARN_BOOL_CONVERSION = YES;
				CLANG_WARN_COMMA = YES;
				CLANG_WARN_CONSTANT_CONVERSION = YES;
				CLANG_WARN_DEPRECATED_OBJC_IMPLEMENTATIONS = YES;
				CLANG_WARN_DIRECT_OBJC_ISA_USAGE = YES_ERROR;
				CLANG_WARN_DOCUMENTATION_COMMENTS = YES;
				CLANG_WARN_EMPTY_BODY = YES;
				CLANG_WARN_ENUM_CONVERSION = YES;
				CLANG_WARN_INFINITE_RECURSION = YES;
				CLANG_WARN_INT_CONVERSION = YES;
				CLANG_WARN_NON_LITERAL_NULL_CONVERSION = YES;
				CLANG_WARN_OBJC_IMPLICIT_RETAIN_SELF = YES;
				CLANG_WARN_OBJC_LITERAL_CONVERSION = YES;
				CLANG_WARN_OBJC_ROOT_CLASS = YES_ERROR;
				CLANG_WARN_QUOTED_INCLUDE_IN_FRAMEWORK_HEADER = YES;
				CLANG_WARN_RANGE_LOOP_ANALYSIS = YES;
				CLANG_WARN_STRICT_PROTOTYPES = YES;
				CLANG_WARN_SUSPICIOUS_MOVE = YES;
				CLANG_WARN_UNGUARDED_AVAILABILITY = YES_AGGRESSIVE;
				CLANG_WARN_UNREACHABLE_CODE = YES;
				CLANG_WARN__DUPLICATE_METHOD_MATCH = YES;
				COPY_PHASE_STRIP = NO;
				DEBUG_INFORMATION_FORMAT = "dwarf-with-dsym";
				ENABLE_NS_ASSERTIONS = NO;
				ENABLE_STRICT_OBJC_MSGSEND = YES;
				GCC_C_LANGUAGE_STANDARD = gnu11;
				GCC_NO_COMMON_BLOCKS = YES;
				GCC_WARN_64_TO_32_BIT_CONVERSION = YES;
				GCC_WARN_ABOUT_RETURN_TYPE = YES_ERROR;
				GCC_WARN_UNDECLARED_SELECTOR = YES;
				GCC_WARN_UNINITIALIZED_AUTOS = YES_AGGRESSIVE;
				GCC_WARN_UNUSED_FUNCTION = YES;
				GCC_WARN_UNUSED_VARIABLE = YES;
				IPHONEOS_DEPLOYMENT_TARGET = 16.2;
				MTL_ENABLE_DEBUG_INFO = NO;
				MTL_FAST_MATH = YES;
				SDKROOT = iphoneos;
				SWIFT_COMPILATION_MODE = wholemodule;
				SWIFT_OPTIMIZATION_LEVEL = "-O";
				VALIDATE_PRODUCT = YES;
			};
			name = Release;
		};
		79F2DB292A30A097004B5FBC /* Debug */ = {
			isa = XCBuildConfiguration;
			baseConfigurationReference = D684068333DEE8AD7CE023E7 /* Pods-Weather app.debug.xcconfig */;
			buildSettings = {
				ASSETCATALOG_COMPILER_APPICON_NAME = AppIcon;
				ASSETCATALOG_COMPILER_GLOBAL_ACCENT_COLOR_NAME = AccentColor;
				CODE_SIGN_STYLE = Automatic;
				CURRENT_PROJECT_VERSION = 1;
				DEVELOPMENT_TEAM = B9D9FYA643;
				GENERATE_INFOPLIST_FILE = YES;
				INFOPLIST_FILE = "Weather app/Info.plist";
				INFOPLIST_KEY_UIApplicationSupportsIndirectInputEvents = YES;
				INFOPLIST_KEY_UILaunchStoryboardName = LaunchScreen;
				INFOPLIST_KEY_UISupportedInterfaceOrientations_iPad = "UIInterfaceOrientationPortrait UIInterfaceOrientationPortraitUpsideDown UIInterfaceOrientationLandscapeLeft UIInterfaceOrientationLandscapeRight";
				INFOPLIST_KEY_UISupportedInterfaceOrientations_iPhone = "UIInterfaceOrientationPortrait UIInterfaceOrientationLandscapeLeft UIInterfaceOrientationLandscapeRight";
				LD_RUNPATH_SEARCH_PATHS = (
					"$(inherited)",
					"@executable_path/Frameworks",
				);
				MARKETING_VERSION = 1.0;
				PRODUCT_BUNDLE_IDENTIFIER = "com.sandorsuszta.Weather-app";
				PRODUCT_NAME = "$(TARGET_NAME)";
				SWIFT_EMIT_LOC_STRINGS = YES;
				SWIFT_VERSION = 5.0;
				TARGETED_DEVICE_FAMILY = "1,2";
			};
			name = Debug;
		};
		79F2DB2A2A30A097004B5FBC /* Release */ = {
			isa = XCBuildConfiguration;
			baseConfigurationReference = 0BA795E4A17037FA3DF616B2 /* Pods-Weather app.release.xcconfig */;
			buildSettings = {
				ASSETCATALOG_COMPILER_APPICON_NAME = AppIcon;
				ASSETCATALOG_COMPILER_GLOBAL_ACCENT_COLOR_NAME = AccentColor;
				CODE_SIGN_STYLE = Automatic;
				CURRENT_PROJECT_VERSION = 1;
				DEVELOPMENT_TEAM = B9D9FYA643;
				GENERATE_INFOPLIST_FILE = YES;
				INFOPLIST_FILE = "Weather app/Info.plist";
				INFOPLIST_KEY_UIApplicationSupportsIndirectInputEvents = YES;
				INFOPLIST_KEY_UILaunchStoryboardName = LaunchScreen;
				INFOPLIST_KEY_UISupportedInterfaceOrientations_iPad = "UIInterfaceOrientationPortrait UIInterfaceOrientationPortraitUpsideDown UIInterfaceOrientationLandscapeLeft UIInterfaceOrientationLandscapeRight";
				INFOPLIST_KEY_UISupportedInterfaceOrientations_iPhone = "UIInterfaceOrientationPortrait UIInterfaceOrientationLandscapeLeft UIInterfaceOrientationLandscapeRight";
				LD_RUNPATH_SEARCH_PATHS = (
					"$(inherited)",
					"@executable_path/Frameworks",
				);
				MARKETING_VERSION = 1.0;
				PRODUCT_BUNDLE_IDENTIFIER = "com.sandorsuszta.Weather-app";
				PRODUCT_NAME = "$(TARGET_NAME)";
				SWIFT_EMIT_LOC_STRINGS = YES;
				SWIFT_VERSION = 5.0;
				TARGETED_DEVICE_FAMILY = "1,2";
			};
			name = Release;
		};
/* End XCBuildConfiguration section */

/* Begin XCConfigurationList section */
		79F2DB0F2A30A093004B5FBC /* Build configuration list for PBXProject "Weather app" */ = {
			isa = XCConfigurationList;
			buildConfigurations = (
				79F2DB262A30A097004B5FBC /* Debug */,
				79F2DB272A30A097004B5FBC /* Release */,
			);
			defaultConfigurationIsVisible = 0;
			defaultConfigurationName = Release;
		};
		79F2DB282A30A097004B5FBC /* Build configuration list for PBXNativeTarget "Weather app" */ = {
			isa = XCConfigurationList;
			buildConfigurations = (
				79F2DB292A30A097004B5FBC /* Debug */,
				79F2DB2A2A30A097004B5FBC /* Release */,
			);
			defaultConfigurationIsVisible = 0;
			defaultConfigurationName = Release;
		};
/* End XCConfigurationList section */

/* Begin XCVersionGroup section */
		79463E7F2A3A419B00BAE3A3 /* RecentSearch.xcdatamodeld */ = {
			isa = XCVersionGroup;
			children = (
				79463E802A3A419B00BAE3A3 /* RecentSearch.xcdatamodel */,
			);
			currentVersion = 79463E802A3A419B00BAE3A3 /* RecentSearch.xcdatamodel */;
			path = RecentSearch.xcdatamodeld;
			sourceTree = "<group>";
			versionGroupType = wrapper.xcdatamodel;
		};
/* End XCVersionGroup section */
	};
	rootObject = 79F2DB0C2A30A093004B5FBC /* Project object */;
}
